
Microsoft Visual Studio Solution File, Format Version 12.00
# Visual Studio Version 17
VisualStudioVersion = 17.2.32630.192
MinimumVisualStudioVersion = 10.0.40219.1
Project("{FAE04EC0-301F-11D3-BF4B-00C04F79EFBC}") = "OdeToFood.Web", "OdeToFood.Web\OdeToFood.Web.csproj", "{D694731D-5CEE-4E93-AA95-868E0B6B11D0}"
EndProject
Project("{FAE04EC0-301F-11D3-BF4B-00C04F79EFBC}") = "OdeToFood.Data", "OdeToFood.Data\OdeToFood.Data.csproj", "{8DFBCC9C-B671-4533-A990-DAC7BFA3C1AA}"
EndProject
Global
	GlobalSection(SolutionConfigurationPlatforms) = preSolution
		Debug|Any CPU = Debug|Any CPU
		Release|Any CPU = Release|Any CPU
	EndGlobalSection
	GlobalSection(ProjectConfigurationPlatforms) = postSolution
		{D694731D-5CEE-4E93-AA95-868E0B6B11D0}.Debug|Any CPU.ActiveCfg = Debug|Any CPU
		{D694731D-5CEE-4E93-AA95-868E0B6B11D0}.Debug|Any CPU.Build.0 = Debug|Any CPU
		{D694731D-5CEE-4E93-AA95-868E0B6B11D0}.Release|Any CPU.ActiveCfg = Release|Any CPU
		{D694731D-5CEE-4E93-AA95-868E0B6B11D0}.Release|Any CPU.Build.0 = Release|Any CPU
		{8DFBCC9C-B671-4533-A990-DAC7BFA3C1AA}.Debug|Any CPU.ActiveCfg = Debug|Any CPU
		{8DFBCC9C-B671-4533-A990-DAC7BFA3C1AA}.Debug|Any CPU.Build.0 = Debug|Any CPU
		{8DFBCC9C-B671-4533-A990-DAC7BFA3C1AA}.Release|Any CPU.ActiveCfg = Release|Any CPU
		{8DFBCC9C-B671-4533-A990-DAC7BFA3C1AA}.Release|Any CPU.Build.0 = Release|Any CPU
	EndGlobalSection
	GlobalSection(SolutionProperties) = preSolution
		HideSolutionNode = FALSE
	EndGlobalSection
	GlobalSection(ExtensibilityGlobals) = postSolution
		SolutionGuid = {F0D05D07-1A9A-4A26-9908-71E3AFEE459D}
	EndGlobalSection
EndGlobal
